// !$*UTF8*$!
{
	archiveVersion = 1;
	classes = {
	};
	objectVersion = 46;
	objects = {

/* Begin PBXBuildFile section */
		185D204F1ED44475003F3E63 /* main.m in Sources */ = {isa = PBXBuildFile; fileRef = 185D204E1ED44475003F3E63 /* main.m */; };
		185D20521ED44475003F3E63 /* AppDelegate.m in Sources */ = {isa = PBXBuildFile; fileRef = 185D20511ED44475003F3E63 /* AppDelegate.m */; };
		185D20551ED44475003F3E63 /* ViewController.m in Sources */ = {isa = PBXBuildFile; fileRef = 185D20541ED44475003F3E63 /* ViewController.m */; };
		185D20581ED44475003F3E63 /* Main.storyboard in Resources */ = {isa = PBXBuildFile; fileRef = 185D20561ED44475003F3E63 /* Main.storyboard */; };
		185D205A1ED44475003F3E63 /* Assets.xcassets in Resources */ = {isa = PBXBuildFile; fileRef = 185D20591ED44475003F3E63 /* Assets.xcassets */; };
		185D205D1ED44475003F3E63 /* LaunchScreen.storyboard in Resources */ = {isa = PBXBuildFile; fileRef = 185D205B1ED44475003F3E63 /* LaunchScreen.storyboard */; };
/* End PBXBuildFile section */

/* Begin PBXFileReference section */
		185D204A1ED44475003F3E63 /* FF_CountDownButton.app */ = {isa = PBXFileReference; explicitFileType = wrapper.application; includeInIndex = 0; path = FF_CountDownButton.app; sourceTree = BUILT_PRODUCTS_DIR; };
		185D204E1ED44475003F3E63 /* main.m */ = {isa = PBXFileReference; lastKnownFileType = sourcecode.c.objc; path = main.m; sourceTree = "<group>"; };
		185D20501ED44475003F3E63 /* AppDelegate.h */ = {isa = PBXFileReference; lastKnownFileType = sourcecode.c.h; path = AppDelegate.h; sourceTree = "<group>"; };
		185D20511ED44475003F3E63 /* AppDelegate.m */ = {isa = PBXFileReference; lastKnownFileType = sourcecode.c.objc; path = AppDelegate.m; sourceTree = "<group>"; };
		185D20531ED44475003F3E63 /* ViewController.h */ = {isa = PBXFileReference; lastKnownFileType = sourcecode.c.h; path = ViewController.h; sourceTree = "<group>"; };
		185D20541ED44475003F3E63 /* ViewController.m */ = {isa = PBXFileReference; lastKnownFileType = sourcecode.c.objc; path = ViewController.m; sourceTree = "<group>"; };
		185D20571ED44475003F3E63 /* Base */ = {isa = PBXFileReference; lastKnownFileType = file.storyboard; name = Base; path = Base.lproj/Main.storyboard; sourceTree = "<group>"; };
		185D20591ED44475003F3E63 /* Assets.xcassets */ = {isa = PBXFileReference; lastKnownFileType = folder.assetcatalog; path = Assets.xcassets; sourceTree = "<group>"; };
		185D205C1ED44475003F3E63 /* Base */ = {isa = PBXFileReference; lastKnownFileType = file.storyboard; name = Base; path = Base.lproj/LaunchScreen.storyboard; sourceTree = "<group>"; };
		185D205E1ED44475003F3E63 /* Info.plist */ = {isa = PBXFileReference; lastKnownFileType = text.plist.xml; path = Info.plist; sourceTree = "<group>"; };
/* End PBXFileReference section */

/* Begin PBXFrameworksBuildPhase section */
		185D20471ED44475003F3E63 /* Frameworks */ = {
			isa = PBXFrameworksBuildPhase;
			buildActionMask = 2147483647;
			files = (
			);
			runOnlyForDeploymentPostprocessing = 0;
		};
/* End PBXFrameworksBuildPhase section */

/* Begin PBXGroup section */
		185D20411ED44475003F3E63 = {
			isa = PBXGroup;
			children = (
				185D204C1ED44475003F3E63 /* FF_CountDownButton */,
				185D204B1ED44475003F3E63 /* Products */,
			);
			sourceTree = "<group>";
		};
		185D204B1ED44475003F3E63 /* Products */ = {
			isa = PBXGroup;
			children = (
				185D204A1ED44475003F3E63 /* FF_CountDownButton.app */,
			);
			name = Products;
			sourceTree = "<group>";
		};
		185D204C1ED44475003F3E63 /* FF_CountDownButton */ = {
			isa = PBXGroup;
			children = (
				185D20501ED44475003F3E63 /* AppDelegate.h */,
				185D20511ED44475003F3E63 /* AppDelegate.m */,
				185D20531ED44475003F3E63 /* ViewController.h */,
				185D20541ED44475003F3E63 /* ViewController.m */,
				185D20561ED44475003F3E63 /* Main.storyboard */,
				185D20591ED44475003F3E63 /* Assets.xcassets */,
				185D205B1ED44475003F3E63 /* LaunchScreen.storyboard */,
				185D205E1ED44475003F3E63 /* Info.plist */,
				185D204D1ED44475003F3E63 /* Supporting Files */,
			);
			path = FF_CountDownButton;
			sourceTree = "<group>";
		};
		185D204D1ED44475003F3E63 /* Supporting Files */ = {
			isa = PBXGroup;
			children = (
				185D204E1ED44475003F3E63 /* main.m */,
			);
			name = "Supporting Files";
			sourceTree = "<group>";
		};
/* End PBXGroup section */

/* Begin PBXNativeTarget section */
		185D20491ED44475003F3E63 /* FF_CountDownButton */ = {
			isa = PBXNativeTarget;
			buildConfigurationList = 185D20611ED44475003F3E63 /* Build configuration list for PBXNativeTarget "FF_CountDownButton" */;
			buildPhases = (
				185D20461ED44475003F3E63 /* Sources */,
				185D20471ED44475003F3E63 /* Frameworks */,
				185D20481ED44475003F3E63 /* Resources */,
			);
			buildRules = (
			);
			dependencies = (
			);
			name = FF_CountDownButton;
			productName = FF_CountDownButton;
			productReference = 185D204A1ED44475003F3E63 /* FF_CountDownButton.app */;
			productType = "com.apple.product-type.application";
		};
/* End PBXNativeTarget section */

/* Begin PBXProject section */
		185D20421ED44475003F3E63 /* Project object */ = {
			isa = PBXProject;
			attributes = {
				LastUpgradeCheck = 0830;
				ORGANIZATIONNAME = fanxiaobin;
				TargetAttributes = {
					185D20491ED44475003F3E63 = {
						CreatedOnToolsVersion = 8.3;
						ProvisioningStyle = Automatic;
					};
				};
			};
			buildConfigurationList = 185D20451ED44475003F3E63 /* Build configuration list for PBXProject "FF_CountDownButton" */;
			compatibilityVersion = "Xcode 3.2";
			developmentRegion = English;
			hasScannedForEncodings = 0;
			knownRegions = (
				en,
				Base,
			);
			mainGroup = 185D20411ED44475003F3E63;
			productRefGroup = 185D204B1ED44475003F3E63 /* Products */;
			projectDirPath = "";
			projectRoot = "";
			targets = (
				185D20491ED44475003F3E63 /* FF_CountDownButton */,
			);
		};
/* End PBXProject section */

/* Begin PBXResourcesBuildPhase section */
		185D20481ED44475003F3E63 /* Resources */ = {
			isa = PBXResourcesBuildPhase;
			buildActionMask = 2147483647;
			files = (
				185D205D1ED44475003F3E63 /* LaunchScreen.storyboard in Resources */,
				185D205A1ED44475003F3E63 /* Assets.xcassets in Resources */,
				185D20581ED44475003F3E63 /* Main.storyboard in Resources */,
			);
			runOnlyForDeploymentPostprocessing = 0;
		};
/* End PBXResourcesBuildPhase section */

/* Begin PBXSourcesBuildPhase section */
		185D20461ED44475003F3E63 /* Sources */ = {
			isa = PBXSourcesBuildPhase;
			buildActionMask = 2147483647;
			files = (
				185D20551ED44475003F3E63 /* ViewController.m in Sources */,
				185D20521ED44475003F3E63 /* AppDelegate.m in Sources */,
				185D204F1ED44475003F3E63 /* main.m in Sources */,
			);
			runOnlyForDeploymentPostprocessing = 0;
		};
/* End PBXSourcesBuildPhase section */

/* Begin PBXVariantGroup section */
		185D20561ED44475003F3E63 /* Main.storyboard */ = {
			isa = PBXVariantGroup;
			children = (
				185D20571ED44475003F3E63 /* Base */,
			);
			name = Main.storyboard;
			sourceTree = "<group>";
		};
		185D205B1ED44475003F3E63 /* LaunchScreen.storyboard */ = {
			isa = PBXVariantGroup;
			children = (
				185D205C1ED44475003F3E63 /* Base */,
			);
			name = LaunchScreen.storyboard;
			sourceTree = "<group>";
		};
/* End PBXVariantGroup section */

/* Begin XCBuildConfiguration section */
		185D205F1ED44475003F3E63 /* Debug */ = {
			isa = XCBuildConfiguration;
			buildSettings = {
				ALWAYS_SEARCH_USER_PATHS = NO;
				CLANG_ANALYZER_NONNULL = YES;
				CLANG_ANALYZER_NUMBER_OBJECT_CONVERSION = YES_AGGRESSIVE;
				CLANG_CXX_LANGUAGE_STANDARD = "gnu++0x";
				CLANG_CXX_LIBRARY = "libc++";
				CLANG_ENABLE_MODULES = YES;
				CLANG_ENABLE_OBJC_ARC = YES;
				CLANG_WARN_BOOL_CONVERSION = YES;
				CLANG_WARN_CONSTANT_CONVERSION = YES;
				CLANG_WARN_DIRECT_OBJC_ISA_USAGE = YES_ERROR;
				CLANG_WARN_DOCUMENTATION_COMMENTS = YES;
				CLANG_WARN_EMPTY_BODY = YES;
				CLANG_WARN_ENUM_CONVERSION = YES;
				CLANG_WARN_INFINITE_RECURSION = YES;
				CLANG_WARN_INT_CONVERSION = YES;
				CLANG_WARN_OBJC_ROOT_CLASS = YES_ERROR;
				CLANG_WARN_SUSPICIOUS_MOVE = YES;
				CLANG_WARN_UNREACHABLE_CODE = YES;
				CLANG_WARN__DUPLICATE_METHOD_MATCH = YES;
				"CODE_SIGN_IDENTITY[sdk=iphoneos*]" = "iPhone Developer";
				COPY_PHASE_STRIP = NO;
				DEBUG_INFORMATION_FORMAT = dwarf;
				ENABLE_STRICT_OBJC_MSGSEND = YES;
				ENABLE_TESTABILITY = YES;
				GCC_C_LANGUAGE_STANDARD = gnu99;
				GCC_DYNAMIC_NO_PIC = NO;
				GCC_NO_COMMON_BLOCKS = YES;
				GCC_OPTIMIZATION_LEVEL = 0;
				GCC_PREPROCESSOR_DEFINITIONS = (
					"DEBUG=1",
					"$(inherited)",
				);
				GCC_WARN_64_TO_32_BIT_CONVERSION = YES;
				GCC_WARN_ABOUT_RETURN_TYPE = YES_ERROR;
				GCC_WARN_UNDECLARED_SELECTOR = YES;
				GCC_WARN_UNINITIALIZED_AUTOS = YES_AGGRESSIVE;
				GCC_WARN_UNUSED_FUNCTION = YES;
				GCC_WARN_UNUSED_VARIABLE = YES;
				IPHONEOS_DEPLOYMENT_TARGET = 10.3;
				MTL_ENABLE_DEBUG_INFO = YES;
				ONLY_ACTIVE_ARCH = YES;
				SDKROOT = iphoneos;
				TARGETED_DEVICE_FAMILY = "1,2";
			};
			name = Debug;
		};
		185D20601ED44475003F3E63 /* Release */ = {
			isa = XCBuildConfiguration;
			buildSettings = {
				ALWAYS_SEARCH_USER_PATHS = NO;
				CLANG_ANALYZER_NONNULL = YES;
				CLANG_ANALYZER_NUMBER_OBJECT_CONVERSION = YES_AGGRESSIVE;
				CLANG_CXX_LANGUAGE_STANDARD = "gnu++0x";
				CLANG_CXX_LIBRARY = "libc++";
				CLANG_ENABLE_MODULES = YES;
				CLANG_ENABLE_OBJC_ARC = YES;
				CLANG_WARN_BOOL_CONVERSION = YES;
				CLANG_WARN_CONSTANT_CONVERSION = YES;
				CLANG_WARN_DIRECT_OBJC_ISA_USAGE = YES_ERROR;
				CLANG_WARN_DOCUMENTATION_COMMENTS = YES;
				CLANG_WARN_EMPTY_BODY = YES;
				CLANG_WARN_ENUM_CONVERSION = YES;
				CLANG_WARN_INFINITE_RECURSION = YES;
				CLANG_WARN_INT_CONVERSION = YES;
				CLANG_WARN_OBJC_ROOT_CLASS = YES_ERROR;
				CLANG_WARN_SUSPICIOUS_MOVE = YES;
				CLANG_WARN_UNREACHABLE_CODE = YES;
				CLANG_WARN__DUPLICATE_METHOD_MATCH = YES;
				"CODE_SIGN_IDENTITY[sdk=iphoneos*]" = "iPhone Developer";
				COPY_PHASE_STRIP = NO;
				DEBUG_INFORMATION_FORMAT = "dwarf-with-dsym";
				ENABLE_NS_ASSERTIONS = NO;
				ENABLE_STRICT_OBJC_MSGSEND = YES;
				GCC_C_LANGUAGE_STANDARD = gnu99;
				GCC_NO_COMMON_BLOCKS = YES;
				GCC_WARN_64_TO_32_BIT_CONVERSION = YES;
				GCC_WARN_ABOUT_RETURN_TYPE = YES_ERROR;
				GCC_WARN_UNDECLARED_SELECTOR = YES;
				GCC_WARN_UNINITIALIZED_AUTOS = YES_AGGRESSIVE;
				GCC_WARN_UNUSED_FUNCTION = YES;
				GCC_WARN_UNUSED_VARIABLE = YES;
				IPHONEOS_DEPLOYMENT_TARGET = 10.3;
				MTL_ENABLE_DEBUG_INFO = NO;
				SDKROOT = iphoneos;
				TARGETED_DEVICE_FAMILY = "1,2";
				VALIDATE_PRODUCT = YES;
			};
			name = Release;
		};
		185D20621ED44475003F3E63 /* Debug */ = {
			isa = XCBuildConfiguration;
			buildSettings = {
				ASSETCATALOG_COMPILER_APPICON_NAME = AppIcon;
				INFOPLIST_FILE = FF_CountDownButton/Info.plist;
				LD_RUNPATH_SEARCH_PATHS = "$(inherited) @executable_path/Frameworks";
				PRODUCT_BUNDLE_IDENTIFIER = "fanxiaobin.FF-CountDownButton";
				PRODUCT_NAME = "$(TARGET_NAME)";
			};
			name = Debug;
		};
		185D20631ED44475003F3E63 /* Release */ = {
			isa = XCBuildConfiguration;
			buildSettings = {
				ASSETCATALOG_COMPILER_APPICON_NAME = AppIcon;
				INFOPLIST_FILE = FF_CountDownButton/Info.plist;
				LD_RUNPATH_SEARCH_PATHS = "$(inherited) @executable_path/Frameworks";
				PRODUCT_BUNDLE_IDENTIFIER = "fanxiaobin.FF-CountDownButton";
				PRODUCT_NAME = "$(TARGET_NAME)";
			};
			name = Release;
		};
/* End XCBuildConfiguration section */

/* Begin XCConfigurationList section */
		185D20451ED44475003F3E63 /* Build configuration list for PBXProject "FF_CountDownButton" */ = {
			isa = XCConfigurationList;
			buildConfigurations = (
				185D205F1ED44475003F3E63 /* Debug */,
				185D20601ED44475003F3E63 /* Release */,
			);
			defaultConfigurationIsVisible = 0;
			defaultConfigurationName = Release;
		};
		185D20611ED44475003F3E63 /* Build configuration list for PBXNativeTarget "FF_CountDownButton" */ = {
			isa = XCConfigurationList;
			buildConfigurations = (
				185D20621ED44475003F3E63 /* Debug */,
				185D20631ED44475003F3E63 /* Release */,
			);
			defaultConfigurationIsVisible = 0;
		};
/* End XCConfigurationList section */
	};
	rootObject = 185D20421ED44475003F3E63 /* Project object */;
}
